
Microsoft Visual Studio Solution File, Format Version 12.00
# Visual Studio Version 16
VisualStudioVersion = 16.0.28803.452
MinimumVisualStudioVersion = 10.0.40219.1
Project("{FAE04EC0-301F-11D3-BF4B-00C04F79EFBC}") = "ConsoleWorkFilesApp", "ConsoleWorkFilesApp\ConsoleWorkFilesApp.csproj", "{DE7C18D5-53D3-42C0-8EBE-5FFA8ACCFFE0}"
EndProject
Global
	GlobalSection(SolutionConfigurationPlatforms) = preSolution
		Debug|Any CPU = Debug|Any CPU
		Release|Any CPU = Release|Any CPU
	EndGlobalSection
	GlobalSection(ProjectConfigurationPlatforms) = postSolution
		{DE7C18D5-53D3-42C0-8EBE-5FFA8ACCFFE0}.Debug|Any CPU.ActiveCfg = Debug|Any CPU
		{DE7C18D5-53D3-42C0-8EBE-5FFA8ACCFFE0}.Debug|Any CPU.Build.0 = Debug|Any CPU
		{DE7C18D5-53D3-42C0-8EBE-5FFA8ACCFFE0}.Release|Any CPU.ActiveCfg = Release|Any CPU
		{DE7C18D5-53D3-42C0-8EBE-5FFA8ACCFFE0}.Release|Any CPU.Build.0 = Release|Any CPU
	EndGlobalSection
	GlobalSection(SolutionProperties) = preSolution
		HideSolutionNode = FALSE
	EndGlobalSection
	GlobalSection(ExtensibilityGlobals) = postSolution
		SolutionGuid = {373EC678-206D-4A74-B40A-F3CA702430E4}
	EndGlobalSection
EndGlobal
